// !$*UTF8*$!
{
	archiveVersion = 1;
	classes = {
	};
	objectVersion = 46;
	objects = {

/* Begin PBXBuildFile section */
		6CC476A79A31176CB9E9EC98 /* libPods-UICollectionDemo.a in Frameworks */ = {isa = PBXBuildFile; fileRef = 32885415D4A1041C0A267F15 /* libPods-UICollectionDemo.a */; };
		C95C439C1F2989EE0032381B /* main.m in Sources */ = {isa = PBXBuildFile; fileRef = C95C439B1F2989EE0032381B /* main.m */; };
		C95C439F1F2989EE0032381B /* AppDelegate.m in Sources */ = {isa = PBXBuildFile; fileRef = C95C439E1F2989EE0032381B /* AppDelegate.m */; };
		C95C43A21F2989EE0032381B /* ViewController.m in Sources */ = {isa = PBXBuildFile; fileRef = C95C43A11F2989EE0032381B /* ViewController.m */; };
		C95C43A51F2989EE0032381B /* Main.storyboard in Resources */ = {isa = PBXBuildFile; fileRef = C95C43A31F2989EE0032381B /* Main.storyboard */; };
		C95C43A71F2989EE0032381B /* Assets.xcassets in Resources */ = {isa = PBXBuildFile; fileRef = C95C43A61F2989EE0032381B /* Assets.xcassets */; };
		C95C43AA1F2989EE0032381B /* LaunchScreen.storyboard in Resources */ = {isa = PBXBuildFile; fileRef = C95C43A81F2989EE0032381B /* LaunchScreen.storyboard */; };
		C95C43B51F2989EE0032381B /* UICollectionDemoTests.m in Sources */ = {isa = PBXBuildFile; fileRef = C95C43B41F2989EE0032381B /* UICollectionDemoTests.m */; };
		C95C43C01F2989EE0032381B /* UICollectionDemoUITests.m in Sources */ = {isa = PBXBuildFile; fileRef = C95C43BF1F2989EE0032381B /* UICollectionDemoUITests.m */; };
		C95C43D21F29B54D0032381B /* CSCustomerCellCollectionViewCell.m in Sources */ = {isa = PBXBuildFile; fileRef = C95C43D11F29B54D0032381B /* CSCustomerCellCollectionViewCell.m */; };
		C95C43D51F29C3530032381B /* CSCustomerHeadView.m in Sources */ = {isa = PBXBuildFile; fileRef = C95C43D41F29C3530032381B /* CSCustomerHeadView.m */; };
		C95C43D81F29C66F0032381B /* CSCustomerFooterView.m in Sources */ = {isa = PBXBuildFile; fileRef = C95C43D71F29C66F0032381B /* CSCustomerFooterView.m */; };
/* End PBXBuildFile section */

/* Begin PBXContainerItemProxy section */
		C95C43B11F2989EE0032381B /* PBXContainerItemProxy */ = {
			isa = PBXContainerItemProxy;
			containerPortal = C95C438F1F2989EE0032381B /* Project object */;
			proxyType = 1;
			remoteGlobalIDString = C95C43961F2989EE0032381B;
			remoteInfo = UICollectionDemo;
		};
		C95C43BC1F2989EE0032381B /* PBXContainerItemProxy */ = {
			isa = PBXContainerItemProxy;
			containerPortal = C95C438F1F2989EE0032381B /* Project object */;
			proxyType = 1;
			remoteGlobalIDString = C95C43961F2989EE0032381B;
			remoteInfo = UICollectionDemo;
		};
/* End PBXContainerItemProxy section */

/* Begin PBXFileReference section */
		32885415D4A1041C0A267F15 /* libPods-UICollectionDemo.a */ = {isa = PBXFileReference; explicitFileType = archive.ar; includeInIndex = 0; path = "libPods-UICollectionDemo.a"; sourceTree = BUILT_PRODUCTS_DIR; };
		3C84FCE5DCBB9D09F758ACBA /* Pods-UICollectionDemo.debug.xcconfig */ = {isa = PBXFileReference; includeInIndex = 1; lastKnownFileType = text.xcconfig; name = "Pods-UICollectionDemo.debug.xcconfig"; path = "Pods/Target Support Files/Pods-UICollectionDemo/Pods-UICollectionDemo.debug.xcconfig"; sourceTree = "<group>"; };
		9175F69FDA6D1E13D2AD7D4B /* Pods-UICollectionDemo.release.xcconfig */ = {isa = PBXFileReference; includeInIndex = 1; lastKnownFileType = text.xcconfig; name = "Pods-UICollectionDemo.release.xcconfig"; path = "Pods/Target Support Files/Pods-UICollectionDemo/Pods-UICollectionDemo.release.xcconfig"; sourceTree = "<group>"; };
		C95C43971F2989EE0032381B /* UICollectionDemo.app */ = {isa = PBXFileReference; explicitFileType = wrapper.application; includeInIndex = 0; path = UICollectionDemo.app; sourceTree = BUILT_PRODUCTS_DIR; };
		C95C439B1F2989EE0032381B /* main.m */ = {isa = PBXFileReference; lastKnownFileType = sourcecode.c.objc; path = main.m; sourceTree = "<group>"; };
		C95C439D1F2989EE0032381B /* AppDelegate.h */ = {isa = PBXFileReference; lastKnownFileType = sourcecode.c.h; path = AppDelegate.h; sourceTree = "<group>"; };
		C95C439E1F2989EE0032381B /* AppDelegate.m */ = {isa = PBXFileReference; lastKnownFileType = sourcecode.c.objc; path = AppDelegate.m; sourceTree = "<group>"; };
		C95C43A01F2989EE0032381B /* ViewController.h */ = {isa = PBXFileReference; lastKnownFileType = sourcecode.c.h; path = ViewController.h; sourceTree = "<group>"; };
		C95C43A11F2989EE0032381B /* ViewController.m */ = {isa = PBXFileReference; lastKnownFileType = sourcecode.c.objc; path = ViewController.m; sourceTree = "<group>"; };
		C95C43A41F2989EE0032381B /* Base */ = {isa = PBXFileReference; lastKnownFileType = file.storyboard; name = Base; path = Base.lproj/Main.storyboard; sourceTree = "<group>"; };
		C95C43A61F2989EE0032381B /* Assets.xcassets */ = {isa = PBXFileReference; lastKnownFileType = folder.assetcatalog; path = Assets.xcassets; sourceTree = "<group>"; };
		C95C43A91F2989EE0032381B /* Base */ = {isa = PBXFileReference; lastKnownFileType = file.storyboard; name = Base; path = Base.lproj/LaunchScreen.storyboard; sourceTree = "<group>"; };
		C95C43AB1F2989EE0032381B /* Info.plist */ = {isa = PBXFileReference; lastKnownFileType = text.plist.xml; path = Info.plist; sourceTree = "<group>"; };
		C95C43B01F2989EE0032381B /* UICollectionDemoTests.xctest */ = {isa = PBXFileReference; explicitFileType = wrapper.cfbundle; includeInIndex = 0; path = UICollectionDemoTests.xctest; sourceTree = BUILT_PRODUCTS_DIR; };
		C95C43B41F2989EE0032381B /* UICollectionDemoTests.m */ = {isa = PBXFileReference; lastKnownFileType = sourcecode.c.objc; path = UICollectionDemoTests.m; sourceTree = "<group>"; };
		C95C43B61F2989EE0032381B /* Info.plist */ = {isa = PBXFileReference; lastKnownFileType = text.plist.xml; path = Info.plist; sourceTree = "<group>"; };
		C95C43BB1F2989EE0032381B /* UICollectionDemoUITests.xctest */ = {isa = PBXFileReference; explicitFileType = wrapper.cfbundle; includeInIndex = 0; path = UICollectionDemoUITests.xctest; sourceTree = BUILT_PRODUCTS_DIR; };
		C95C43BF1F2989EE0032381B /* UICollectionDemoUITests.m */ = {isa = PBXFileReference; lastKnownFileType = sourcecode.c.objc; path = UICollectionDemoUITests.m; sourceTree = "<group>"; };
		C95C43C11F2989EE0032381B /* Info.plist */ = {isa = PBXFileReference; lastKnownFileType = text.plist.xml; path = Info.plist; sourceTree = "<group>"; };
		C95C43D01F29B54D0032381B /* CSCustomerCellCollectionViewCell.h */ = {isa = PBXFileReference; fileEncoding = 4; lastKnownFileType = sourcecode.c.h; path = CSCustomerCellCollectionViewCell.h; sourceTree = "<group>"; };
		C95C43D11F29B54D0032381B /* CSCustomerCellCollectionViewCell.m */ = {isa = PBXFileReference; fileEncoding = 4; lastKnownFileType = sourcecode.c.objc; path = CSCustomerCellCollectionViewCell.m; sourceTree = "<group>"; };
		C95C43D31F29C3530032381B /* CSCustomerHeadView.h */ = {isa = PBXFileReference; fileEncoding = 4; lastKnownFileType = sourcecode.c.h; path = CSCustomerHeadView.h; sourceTree = "<group>"; };
		C95C43D41F29C3530032381B /* CSCustomerHeadView.m */ = {isa = PBXFileReference; fileEncoding = 4; lastKnownFileType = sourcecode.c.objc; path = CSCustomerHeadView.m; sourceTree = "<group>"; };
		C95C43D61F29C66F0032381B /* CSCustomerFooterView.h */ = {isa = PBXFileReference; fileEncoding = 4; lastKnownFileType = sourcecode.c.h; path = CSCustomerFooterView.h; sourceTree = "<group>"; };
		C95C43D71F29C66F0032381B /* CSCustomerFooterView.m */ = {isa = PBXFileReference; fileEncoding = 4; lastKnownFileType = sourcecode.c.objc; path = CSCustomerFooterView.m; sourceTree = "<group>"; };
/* End PBXFileReference section */

/* Begin PBXFrameworksBuildPhase section */
		C95C43941F2989EE0032381B /* Frameworks */ = {
			isa = PBXFrameworksBuildPhase;
			buildActionMask = 2147483647;
			files = (
				6CC476A79A31176CB9E9EC98 /* libPods-UICollectionDemo.a in Frameworks */,
			);
			runOnlyForDeploymentPostprocessing = 0;
		};
		C95C43AD1F2989EE0032381B /* Frameworks */ = {
			isa = PBXFrameworksBuildPhase;
			buildActionMask = 2147483647;
			files = (
			);
			runOnlyForDeploymentPostprocessing = 0;
		};
		C95C43B81F2989EE0032381B /* Frameworks */ = {
			isa = PBXFrameworksBuildPhase;
			buildActionMask = 2147483647;
			files = (
			);
			runOnlyForDeploymentPostprocessing = 0;
		};
/* End PBXFrameworksBuildPhase section */

/* Begin PBXGroup section */
		01B53BEB363F145A3D6AF553 /* Pods */ = {
			isa = PBXGroup;
			children = (
				3C84FCE5DCBB9D09F758ACBA /* Pods-UICollectionDemo.debug.xcconfig */,
				9175F69FDA6D1E13D2AD7D4B /* Pods-UICollectionDemo.release.xcconfig */,
			);
			name = Pods;
			sourceTree = "<group>";
		};
		C33F6A42DB52C9FE7CA83964 /* Frameworks */ = {
			isa = PBXGroup;
			children = (
				32885415D4A1041C0A267F15 /* libPods-UICollectionDemo.a */,
			);
			name = Frameworks;
			sourceTree = "<group>";
		};
		C95C438E1F2989EE0032381B = {
			isa = PBXGroup;
			children = (
				C95C43991F2989EE0032381B /* UICollectionDemo */,
				C95C43B31F2989EE0032381B /* UICollectionDemoTests */,
				C95C43BE1F2989EE0032381B /* UICollectionDemoUITests */,
				C95C43981F2989EE0032381B /* Products */,
				01B53BEB363F145A3D6AF553 /* Pods */,
				C33F6A42DB52C9FE7CA83964 /* Frameworks */,
			);
			sourceTree = "<group>";
		};
		C95C43981F2989EE0032381B /* Products */ = {
			isa = PBXGroup;
			children = (
				C95C43971F2989EE0032381B /* UICollectionDemo.app */,
				C95C43B01F2989EE0032381B /* UICollectionDemoTests.xctest */,
				C95C43BB1F2989EE0032381B /* UICollectionDemoUITests.xctest */,
			);
			name = Products;
			sourceTree = "<group>";
		};
		C95C43991F2989EE0032381B /* UICollectionDemo */ = {
			isa = PBXGroup;
			children = (
				C95C439D1F2989EE0032381B /* AppDelegate.h */,
				C95C439E1F2989EE0032381B /* AppDelegate.m */,
				C95C43A01F2989EE0032381B /* ViewController.h */,
				C95C43A11F2989EE0032381B /* ViewController.m */,
				C95C43D01F29B54D0032381B /* CSCustomerCellCollectionViewCell.h */,
				C95C43D11F29B54D0032381B /* CSCustomerCellCollectionViewCell.m */,
				C95C43D31F29C3530032381B /* CSCustomerHeadView.h */,
				C95C43D41F29C3530032381B /* CSCustomerHeadView.m */,
				C95C43D61F29C66F0032381B /* CSCustomerFooterView.h */,
				C95C43D71F29C66F0032381B /* CSCustomerFooterView.m */,
				C95C43A31F2989EE0032381B /* Main.storyboard */,
				C95C43A61F2989EE0032381B /* Assets.xcassets */,
				C95C43A81F2989EE0032381B /* LaunchScreen.storyboard */,
				C95C43AB1F2989EE0032381B /* Info.plist */,
				C95C439A1F2989EE0032381B /* Supporting Files */,
			);
			path = UICollectionDemo;
			sourceTree = "<group>";
		};
		C95C439A1F2989EE0032381B /* Supporting Files */ = {
			isa = PBXGroup;
			children = (
				C95C439B1F2989EE0032381B /* main.m */,
			);
			name = "Supporting Files";
			sourceTree = "<group>";
		};
		C95C43B31F2989EE0032381B /* UICollectionDemoTests */ = {
			isa = PBXGroup;
			children = (
				C95C43B41F2989EE0032381B /* UICollectionDemoTests.m */,
				C95C43B61F2989EE0032381B /* Info.plist */,
			);
			path = UICollectionDemoTests;
			sourceTree = "<group>";
		};
		C95C43BE1F2989EE0032381B /* UICollectionDemoUITests */ = {
			isa = PBXGroup;
			children = (
				C95C43BF1F2989EE0032381B /* UICollectionDemoUITests.m */,
				C95C43C11F2989EE0032381B /* Info.plist */,
			);
			path = UICollectionDemoUITests;
			sourceTree = "<group>";
		};
/* End PBXGroup section */

/* Begin PBXNativeTarget section */
		C95C43961F2989EE0032381B /* UICollectionDemo */ = {
			isa = PBXNativeTarget;
			buildConfigurationList = C95C43C41F2989EE0032381B /* Build configuration list for PBXNativeTarget "UICollectionDemo" */;
			buildPhases = (
				F77F2BE0EF2AD05CE24507EF /* [CP] Check Pods Manifest.lock */,
				C95C43931F2989EE0032381B /* Sources */,
				C95C43941F2989EE0032381B /* Frameworks */,
				C95C43951F2989EE0032381B /* Resources */,
				4F7B0E807730BA9FED692525 /* [CP] Embed Pods Frameworks */,
				2F743D3ED5C92FD1F9ED9903 /* [CP] Copy Pods Resources */,
			);
			buildRules = (
			);
			dependencies = (
			);
			name = UICollectionDemo;
			productName = UICollectionDemo;
			productReference = C95C43971F2989EE0032381B /* UICollectionDemo.app */;
			productType = "com.apple.product-type.application";
		};
		C95C43AF1F2989EE0032381B /* UICollectionDemoTests */ = {
			isa = PBXNativeTarget;
			buildConfigurationList = C95C43C71F2989EE0032381B /* Build configuration list for PBXNativeTarget "UICollectionDemoTests" */;
			buildPhases = (
				C95C43AC1F2989EE0032381B /* Sources */,
				C95C43AD1F2989EE0032381B /* Frameworks */,
				C95C43AE1F2989EE0032381B /* Resources */,
			);
			buildRules = (
			);
			dependencies = (
				C95C43B21F2989EE0032381B /* PBXTargetDependency */,
			);
			name = UICollectionDemoTests;
			productName = UICollectionDemoTests;
			productReference = C95C43B01F2989EE0032381B /* UICollectionDemoTests.xctest */;
			productType = "com.apple.product-type.bundle.unit-test";
		};
		C95C43BA1F2989EE0032381B /* UICollectionDemoUITests */ = {
			isa = PBXNativeTarget;
			buildConfigurationList = C95C43CA1F2989EE0032381B /* Build configuration list for PBXNativeTarget "UICollectionDemoUITests" */;
			buildPhases = (
				C95C43B71F2989EE0032381B /* Sources */,
				C95C43B81F2989EE0032381B /* Frameworks */,
				C95C43B91F2989EE0032381B /* Resources */,
			);
			buildRules = (
			);
			dependencies = (
				C95C43BD1F2989EE0032381B /* PBXTargetDependency */,
			);
			name = UICollectionDemoUITests;
			productName = UICollectionDemoUITests;
			productReference = C95C43BB1F2989EE0032381B /* UICollectionDemoUITests.xctest */;
			productType = "com.apple.product-type.bundle.ui-testing";
		};
/* End PBXNativeTarget section */

/* Begin PBXProject section */
		C95C438F1F2989EE0032381B /* Project object */ = {
			isa = PBXProject;
			attributes = {
				LastUpgradeCheck = 0830;
				ORGANIZATIONNAME = het;
				TargetAttributes = {
					C95C43961F2989EE0032381B = {
						CreatedOnToolsVersion = 8.3;
						ProvisioningStyle = Automatic;
					};
					C95C43AF1F2989EE0032381B = {
						CreatedOnToolsVersion = 8.3;
						ProvisioningStyle = Automatic;
						TestTargetID = C95C43961F2989EE0032381B;
					};
					C95C43BA1F2989EE0032381B = {
						CreatedOnToolsVersion = 8.3;
						ProvisioningStyle = Automatic;
						TestTargetID = C95C43961F2989EE0032381B;
					};
				};
			};
			buildConfigurationList = C95C43921F2989EE0032381B /* Build configuration list for PBXProject "UICollectionDemo" */;
			compatibilityVersion = "Xcode 3.2";
			developmentRegion = English;
			hasScannedForEncodings = 0;
			knownRegions = (
				en,
				Base,
			);
			mainGroup = C95C438E1F2989EE0032381B;
			productRefGroup = C95C43981F2989EE0032381B /* Products */;
			projectDirPath = "";
			projectRoot = "";
			targets = (
				C95C43961F2989EE0032381B /* UICollectionDemo */,
				C95C43AF1F2989EE0032381B /* UICollectionDemoTests */,
				C95C43BA1F2989EE0032381B /* UICollectionDemoUITests */,
			);
		};
/* End PBXProject section */

/* Begin PBXResourcesBuildPhase section */
		C95C43951F2989EE0032381B /* Resources */ = {
			isa = PBXResourcesBuildPhase;
			buildActionMask = 2147483647;
			files = (
				C95C43AA1F2989EE0032381B /* LaunchScreen.storyboard in Resources */,
				C95C43A71F2989EE0032381B /* Assets.xcassets in Resources */,
				C95C43A51F2989EE0032381B /* Main.storyboard in Resources */,
			);
			runOnlyForDeploymentPostprocessing = 0;
		};
		C95C43AE1F2989EE0032381B /* Resources */ = {
			isa = PBXResourcesBuildPhase;
			buildActionMask = 2147483647;
			files = (
			);
			runOnlyForDeploymentPostprocessing = 0;
		};
		C95C43B91F2989EE0032381B /* Resources */ = {
			isa = PBXResourcesBuildPhase;
			buildActionMask = 2147483647;
			files = (
			);
			runOnlyForDeploymentPostprocessing = 0;
		};
/* End PBXResourcesBuildPhase section */

/* Begin PBXShellScriptBuildPhase section */
		2F743D3ED5C92FD1F9ED9903 /* [CP] Copy Pods Resources */ = {
			isa = PBXShellScriptBuildPhase;
			buildActionMask = 2147483647;
			files = (
			);
			inputPaths = (
			);
			name = "[CP] Copy Pods Resources";
			outputPaths = (
			);
			runOnlyForDeploymentPostprocessing = 0;
			shellPath = /bin/sh;
			shellScript = "\"${SRCROOT}/Pods/Target Support Files/Pods-UICollectionDemo/Pods-UICollectionDemo-resources.sh\"\n";
			showEnvVarsInLog = 0;
		};
		4F7B0E807730BA9FED692525 /* [CP] Embed Pods Frameworks */ = {
			isa = PBXShellScriptBuildPhase;
			buildActionMask = 2147483647;
			files = (
			);
			inputPaths = (
			);
			name = "[CP] Embed Pods Frameworks";
			outputPaths = (
			);
			runOnlyForDeploymentPostprocessing = 0;
			shellPath = /bin/sh;
			shellScript = "\"${SRCROOT}/Pods/Target Support Files/Pods-UICollectionDemo/Pods-UICollectionDemo-frameworks.sh\"\n";
			showEnvVarsInLog = 0;
		};
		F77F2BE0EF2AD05CE24507EF /* [CP] Check Pods Manifest.lock */ = {
			isa = PBXShellScriptBuildPhase;
			buildActionMask = 2147483647;
			files = (
			);
			inputPaths = (
			);
			name = "[CP] Check Pods Manifest.lock";
			outputPaths = (
			);
			runOnlyForDeploymentPostprocessing = 0;
			shellPath = /bin/sh;
			shellScript = "diff \"${PODS_ROOT}/../Podfile.lock\" \"${PODS_ROOT}/Manifest.lock\" > /dev/null\nif [ $? != 0 ] ; then\n    # print error to STDERR\n    echo \"error: The sandbox is not in sync with the Podfile.lock. Run 'pod install' or update your CocoaPods installation.\" >&2\n    exit 1\nfi\n";
			showEnvVarsInLog = 0;
		};
/* End PBXShellScriptBuildPhase section */

/* Begin PBXSourcesBuildPhase section */
		C95C43931F2989EE0032381B /* Sources */ = {
			isa = PBXSourcesBuildPhase;
			buildActionMask = 2147483647;
			files = (
				C95C43D21F29B54D0032381B /* CSCustomerCellCollectionViewCell.m in Sources */,
				C95C43A21F2989EE0032381B /* ViewController.m in Sources */,
				C95C439F1F2989EE0032381B /* AppDelegate.m in Sources */,
				C95C439C1F2989EE0032381B /* main.m in Sources */,
				C95C43D51F29C3530032381B /* CSCustomerHeadView.m in Sources */,
				C95C43D81F29C66F0032381B /* CSCustomerFooterView.m in Sources */,
			);
			runOnlyForDeploymentPostprocessing = 0;
		};
		C95C43AC1F2989EE0032381B /* Sources */ = {
			isa = PBXSourcesBuildPhase;
			buildActionMask = 2147483647;
			files = (
				C95C43B51F2989EE0032381B /* UICollectionDemoTests.m in Sources */,
			);
			runOnlyForDeploymentPostprocessing = 0;
		};
		C95C43B71F2989EE0032381B /* Sources */ = {
			isa = PBXSourcesBuildPhase;
			buildActionMask = 2147483647;
			files = (
				C95C43C01F2989EE0032381B /* UICollectionDemoUITests.m in Sources */,
			);
			runOnlyForDeploymentPostprocessing = 0;
		};
/* End PBXSourcesBuildPhase section */

/* Begin PBXTargetDependency section */
		C95C43B21F2989EE0032381B /* PBXTargetDependency */ = {
			isa = PBXTargetDependency;
			target = C95C43961F2989EE0032381B /* UICollectionDemo */;
			targetProxy = C95C43B11F2989EE0032381B /* PBXContainerItemProxy */;
		};
		C95C43BD1F2989EE0032381B /* PBXTargetDependency */ = {
			isa = PBXTargetDependency;
			target = C95C43961F2989EE0032381B /* UICollectionDemo */;
			targetProxy = C95C43BC1F2989EE0032381B /* PBXContainerItemProxy */;
		};
/* End PBXTargetDependency section */

/* Begin PBXVariantGroup section */
		C95C43A31F2989EE0032381B /* Main.storyboard */ = {
			isa = PBXVariantGroup;
			children = (
				C95C43A41F2989EE0032381B /* Base */,
			);
			name = Main.storyboard;
			sourceTree = "<group>";
		};
		C95C43A81F2989EE0032381B /* LaunchScreen.storyboard */ = {
			isa = PBXVariantGroup;
			children = (
				C95C43A91F2989EE0032381B /* Base */,
			);
			name = LaunchScreen.storyboard;
			sourceTree = "<group>";
		};
/* End PBXVariantGroup section */

/* Begin XCBuildConfiguration section */
		C95C43C21F2989EE0032381B /* Debug */ = {
			isa = XCBuildConfiguration;
			buildSettings = {
				ALWAYS_SEARCH_USER_PATHS = NO;
				CLANG_ANALYZER_NONNULL = YES;
				CLANG_ANALYZER_NUMBER_OBJECT_CONVERSION = YES_AGGRESSIVE;
				CLANG_CXX_LANGUAGE_STANDARD = "gnu++0x";
				CLANG_CXX_LIBRARY = "libc++";
				CLANG_ENABLE_MODULES = YES;
				CLANG_ENABLE_OBJC_ARC = YES;
				CLANG_WARN_BOOL_CONVERSION = YES;
				CLANG_WARN_CONSTANT_CONVERSION = YES;
				CLANG_WARN_DIRECT_OBJC_ISA_USAGE = YES_ERROR;
				CLANG_WARN_DOCUMENTATION_COMMENTS = YES;
				CLANG_WARN_EMPTY_BODY = YES;
				CLANG_WARN_ENUM_CONVERSION = YES;
				CLANG_WARN_INFINITE_RECURSION = YES;
				CLANG_WARN_INT_CONVERSION = YES;
				CLANG_WARN_OBJC_ROOT_CLASS = YES_ERROR;
				CLANG_WARN_SUSPICIOUS_MOVE = YES;
				CLANG_WARN_UNREACHABLE_CODE = YES;
				CLANG_WARN__DUPLICATE_METHOD_MATCH = YES;
				"CODE_SIGN_IDENTITY[sdk=iphoneos*]" = "iPhone Developer";
				COPY_PHASE_STRIP = NO;
				DEBUG_INFORMATION_FORMAT = dwarf;
				ENABLE_STRICT_OBJC_MSGSEND = YES;
				ENABLE_TESTABILITY = YES;
				GCC_C_LANGUAGE_STANDARD = gnu99;
				GCC_DYNAMIC_NO_PIC = NO;
				GCC_NO_COMMON_BLOCKS = YES;
				GCC_OPTIMIZATION_LEVEL = 0;
				GCC_PREPROCESSOR_DEFINITIONS = (
					"DEBUG=1",
					"$(inherited)",
				);
				GCC_WARN_64_TO_32_BIT_CONVERSION = YES;
				GCC_WARN_ABOUT_RETURN_TYPE = YES_ERROR;
				GCC_WARN_UNDECLARED_SELECTOR = YES;
				GCC_WARN_UNINITIALIZED_AUTOS = YES_AGGRESSIVE;
				GCC_WARN_UNUSED_FUNCTION = YES;
				GCC_WARN_UNUSED_VARIABLE = YES;
				IPHONEOS_DEPLOYMENT_TARGET = 10.3;
				MTL_ENABLE_DEBUG_INFO = YES;
				ONLY_ACTIVE_ARCH = YES;
				SDKROOT = iphoneos;
				TARGETED_DEVICE_FAMILY = "1,2";
			};
			name = Debug;
		};
		C95C43C31F2989EE0032381B /* Release */ = {
			isa = XCBuildConfiguration;
			buildSettings = {
				ALWAYS_SEARCH_USER_PATHS = NO;
				CLANG_ANALYZER_NONNULL = YES;
				CLANG_ANALYZER_NUMBER_OBJECT_CONVERSION = YES_AGGRESSIVE;
				CLANG_CXX_LANGUAGE_STANDARD = "gnu++0x";
				CLANG_CXX_LIBRARY = "libc++";
				CLANG_ENABLE_MODULES = YES;
				CLANG_ENABLE_OBJC_ARC = YES;
				CLANG_WARN_BOOL_CONVERSION = YES;
				CLANG_WARN_CONSTANT_CONVERSION = YES;
				CLANG_WARN_DIRECT_OBJC_ISA_USAGE = YES_ERROR;
				CLANG_WARN_DOCUMENTATION_COMMENTS = YES;
				CLANG_WARN_EMPTY_BODY = YES;
				CLANG_WARN_ENUM_CONVERSION = YES;
				CLANG_WARN_INFINITE_RECURSION = YES;
				CLANG_WARN_INT_CONVERSION = YES;
				CLANG_WARN_OBJC_ROOT_CLASS = YES_ERROR;
				CLANG_WARN_SUSPICIOUS_MOVE = YES;
				CLANG_WARN_UNREACHABLE_CODE = YES;
				CLANG_WARN__DUPLICATE_METHOD_MATCH = YES;
				"CODE_SIGN_IDENTITY[sdk=iphoneos*]" = "iPhone Developer";
				COPY_PHASE_STRIP = NO;
				DEBUG_INFORMATION_FORMAT = "dwarf-with-dsym";
				ENABLE_NS_ASSERTIONS = NO;
				ENABLE_STRICT_OBJC_MSGSEND = YES;
				GCC_C_LANGUAGE_STANDARD = gnu99;
				GCC_NO_COMMON_BLOCKS = YES;
				GCC_WARN_64_TO_32_BIT_CONVERSION = YES;
				GCC_WARN_ABOUT_RETURN_TYPE = YES_ERROR;
				GCC_WARN_UNDECLARED_SELECTOR = YES;
				GCC_WARN_UNINITIALIZED_AUTOS = YES_AGGRESSIVE;
				GCC_WARN_UNUSED_FUNCTION = YES;
				GCC_WARN_UNUSED_VARIABLE = YES;
				IPHONEOS_DEPLOYMENT_TARGET = 10.3;
				MTL_ENABLE_DEBUG_INFO = NO;
				SDKROOT = iphoneos;
				TARGETED_DEVICE_FAMILY = "1,2";
				VALIDATE_PRODUCT = YES;
			};
			name = Release;
		};
		C95C43C51F2989EE0032381B /* Debug */ = {
			isa = XCBuildConfiguration;
			baseConfigurationReference = 3C84FCE5DCBB9D09F758ACBA /* Pods-UICollectionDemo.debug.xcconfig */;
			buildSettings = {
				ASSETCATALOG_COMPILER_APPICON_NAME = AppIcon;
				INFOPLIST_FILE = UICollectionDemo/Info.plist;
				LD_RUNPATH_SEARCH_PATHS = "$(inherited) @executable_path/Frameworks";
				PRODUCT_BUNDLE_IDENTIFIER = het.UICollectionDemo;
				PRODUCT_NAME = "$(TARGET_NAME)";
			};
			name = Debug;
		};
		C95C43C61F2989EE0032381B /* Release */ = {
			isa = XCBuildConfiguration;
			baseConfigurationReference = 9175F69FDA6D1E13D2AD7D4B /* Pods-UICollectionDemo.release.xcconfig */;
			buildSettings = {
				ASSETCATALOG_COMPILER_APPICON_NAME = AppIcon;
				INFOPLIST_FILE = UICollectionDemo/Info.plist;
				LD_RUNPATH_SEARCH_PATHS = "$(inherited) @executable_path/Frameworks";
				PRODUCT_BUNDLE_IDENTIFIER = het.UICollectionDemo;
				PRODUCT_NAME = "$(TARGET_NAME)";
			};
			name = Release;
		};
		C95C43C81F2989EE0032381B /* Debug */ = {
			isa = XCBuildConfiguration;
			buildSettings = {
				BUNDLE_LOADER = "$(TEST_HOST)";
				INFOPLIST_FILE = UICollectionDemoTests/Info.plist;
				LD_RUNPATH_SEARCH_PATHS = "$(inherited) @executable_path/Frameworks @loader_path/Frameworks";
				PRODUCT_BUNDLE_IDENTIFIER = het.UICollectionDemoTests;
				PRODUCT_NAME = "$(TARGET_NAME)";
				TEST_HOST = "$(BUILT_PRODUCTS_DIR)/UICollectionDemo.app/UICollectionDemo";
			};
			name = Debug;
		};
		C95C43C91F2989EE0032381B /* Release */ = {
			isa = XCBuildConfiguration;
			buildSettings = {
				BUNDLE_LOADER = "$(TEST_HOST)";
				INFOPLIST_FILE = UICollectionDemoTests/Info.plist;
				LD_RUNPATH_SEARCH_PATHS = "$(inherited) @executable_path/Frameworks @loader_path/Frameworks";
				PRODUCT_BUNDLE_IDENTIFIER = het.UICollectionDemoTests;
				PRODUCT_NAME = "$(TARGET_NAME)";
				TEST_HOST = "$(BUILT_PRODUCTS_DIR)/UICollectionDemo.app/UICollectionDemo";
			};
			name = Release;
		};
		C95C43CB1F2989EE0032381B /* Debug */ = {
			isa = XCBuildConfiguration;
			buildSettings = {
				INFOPLIST_FILE = UICollectionDemoUITests/Info.plist;
				LD_RUNPATH_SEARCH_PATHS = "$(inherited) @executable_path/Frameworks @loader_path/Frameworks";
				PRODUCT_BUNDLE_IDENTIFIER = het.UICollectionDemoUITests;
				PRODUCT_NAME = "$(TARGET_NAME)";
				TEST_TARGET_NAME = UICollectionDemo;
			};
			name = Debug;
		};
		C95C43CC1F2989EE0032381B /* Release */ = {
			isa = XCBuildConfiguration;
			buildSettings = {
				INFOPLIST_FILE = UICollectionDemoUITests/Info.plist;
				LD_RUNPATH_SEARCH_PATHS = "$(inherited) @executable_path/Frameworks @loader_path/Frameworks";
				PRODUCT_BUNDLE_IDENTIFIER = het.UICollectionDemoUITests;
				PRODUCT_NAME = "$(TARGET_NAME)";
				TEST_TARGET_NAME = UICollectionDemo;
			};
			name = Release;
		};
/* End XCBuildConfiguration section */

/* Begin XCConfigurationList section */
		C95C43921F2989EE0032381B /* Build configuration list for PBXProject "UICollectionDemo" */ = {
			isa = XCConfigurationList;
			buildConfigurations = (
				C95C43C21F2989EE0032381B /* Debug */,
				C95C43C31F2989EE0032381B /* Release */,
			);
			defaultConfigurationIsVisible = 0;
			defaultConfigurationName = Release;
		};
		C95C43C41F2989EE0032381B /* Build configuration list for PBXNativeTarget "UICollectionDemo" */ = {
			isa = XCConfigurationList;
			buildConfigurations = (
				C95C43C51F2989EE0032381B /* Debug */,
				C95C43C61F2989EE0032381B /* Release */,
			);
			defaultConfigurationIsVisible = 0;
			defaultConfigurationName = Release;
		};
		C95C43C71F2989EE0032381B /* Build configuration list for PBXNativeTarget "UICollectionDemoTests" */ = {
			isa = XCConfigurationList;
			buildConfigurations = (
				C95C43C81F2989EE0032381B /* Debug */,
				C95C43C91F2989EE0032381B /* Release */,
			);
			defaultConfigurationIsVisible = 0;
			defaultConfigurationName = Release;
		};
		C95C43CA1F2989EE0032381B /* Build configuration list for PBXNativeTarget "UICollectionDemoUITests" */ = {
			isa = XCConfigurationList;
			buildConfigurations = (
				C95C43CB1F2989EE0032381B /* Debug */,
				C95C43CC1F2989EE0032381B /* Release */,
			);
			defaultConfigurationIsVisible = 0;
			defaultConfigurationName = Release;
		};
/* End XCConfigurationList section */
	};
	rootObject = C95C438F1F2989EE0032381B /* Project object */;
}
